
Microsoft Visual Studio Solution File, Format Version 12.00
# Visual Studio Version 16
VisualStudioVersion = 16.0.29613.14
MinimumVisualStudioVersion = 10.0.40219.1
Project("{FAE04EC0-301F-11D3-BF4B-00C04F79EFBC}") = "Blogging", "Blogging\Blogging.csproj", "{2363BD2C-03F4-469F-BDE6-C902A5973B7A}"
EndProject
Project("{FAE04EC0-301F-11D3-BF4B-00C04F79EFBC}") = "Blogging.Repo", "Blogging.Repo\Blogging.Repo.csproj", "{63035A33-D5CD-4982-9C18-88E6BAE52AEF}"
EndProject
Project("{FAE04EC0-301F-11D3-BF4B-00C04F79EFBC}") = "Blogging.Service", "Blogging.Service\Blogging.Service.csproj", "{77CF7F11-2316-459C-8577-69F57222DC74}"
EndProject
Global
	GlobalSection(SolutionConfigurationPlatforms) = preSolution
		Debug|Any CPU = Debug|Any CPU
		Release|Any CPU = Release|Any CPU
	EndGlobalSection
	GlobalSection(ProjectConfigurationPlatforms) = postSolution
		{2363BD2C-03F4-469F-BDE6-C902A5973B7A}.Debug|Any CPU.ActiveCfg = Debug|Any CPU
		{2363BD2C-03F4-469F-BDE6-C902A5973B7A}.Debug|Any CPU.Build.0 = Debug|Any CPU
		{2363BD2C-03F4-469F-BDE6-C902A5973B7A}.Release|Any CPU.ActiveCfg = Release|Any CPU
		{2363BD2C-03F4-469F-BDE6-C902A5973B7A}.Release|Any CPU.Build.0 = Release|Any CPU
		{63035A33-D5CD-4982-9C18-88E6BAE52AEF}.Debug|Any CPU.ActiveCfg = Debug|Any CPU
		{63035A33-D5CD-4982-9C18-88E6BAE52AEF}.Debug|Any CPU.Build.0 = Debug|Any CPU
		{63035A33-D5CD-4982-9C18-88E6BAE52AEF}.Release|Any CPU.ActiveCfg = Release|Any CPU
		{63035A33-D5CD-4982-9C18-88E6BAE52AEF}.Release|Any CPU.Build.0 = Release|Any CPU
		{77CF7F11-2316-459C-8577-69F57222DC74}.Debug|Any CPU.ActiveCfg = Debug|Any CPU
		{77CF7F11-2316-459C-8577-69F57222DC74}.Debug|Any CPU.Build.0 = Debug|Any CPU
		{77CF7F11-2316-459C-8577-69F57222DC74}.Release|Any CPU.ActiveCfg = Release|Any CPU
		{77CF7F11-2316-459C-8577-69F57222DC74}.Release|Any CPU.Build.0 = Release|Any CPU
	EndGlobalSection
	GlobalSection(SolutionProperties) = preSolution
		HideSolutionNode = FALSE
	EndGlobalSection
	GlobalSection(ExtensibilityGlobals) = postSolution
		SolutionGuid = {72084BDD-2CA2-4EC0-8B2D-C7E6A251763C}
	EndGlobalSection
EndGlobal
